{
  "lockfileVersion": 1,
  "configVersion": 0,
  "workspaces": {
    "": {
      "dependencies": {
        "@apidevtools/json-schema-ref-parser": "^15.3.5",
        "@atlaskit/pragmatic-drag-and-drop": "^1.7.10",
        "@atlaskit/pragmatic-drag-and-drop-hitbox": "^1.1.0",
        "jsonata": "^2.1.0",
        "signal-polyfill": "^0.2.2",
      },
      "devDependencies": {
        "@webref/css": "^8.5.2",
        "@webref/elements": "^2.7.0",
        "@webref/idl": "^3.75.1",
      },
    },
  },
  "packages": {
    "@apidevtools/json-schema-ref-parser": ["@apidevtools/json-schema-ref-parser@15.3.5", "", { "dependencies": { "js-yaml": "^4.1.1" }, "peerDependencies": { "@types/json-schema": "^7.0.15" } }, "sha512-orNOYXw3hYXxxisXMldjzjBzqqTLBPbwOtHg7ovBPvfBHDue1qM9YJENZ3W2BQuS+7z4ThogMbEzEsov57Itkg=="],

    "@atlaskit/pragmatic-drag-and-drop": ["@atlaskit/pragmatic-drag-and-drop@1.7.10", "", { "dependencies": { "@babel/runtime": "^7.0.0", "bind-event-listener": "^3.0.0", "raf-schd": "^4.0.3" } }, "sha512-2oHJbThv26CVxM+N8w1X9iyvnts9f8n5+XdCHyG2DtLtqk97rsvbykUyRV2m2llpH06ZdBycycz/+H7eBgRN4A=="],

    "@atlaskit/pragmatic-drag-and-drop-hitbox": ["@atlaskit/pragmatic-drag-and-drop-hitbox@1.1.0", "", { "dependencies": { "@atlaskit/pragmatic-drag-and-drop": "^1.6.0", "@babel/runtime": "^7.0.0" } }, "sha512-JWt6eVp6Br2FPHRM8s0dUIHQk/jFInGP1f3ti5CdtM1Ji5/pt8Akm44wDC063Gv2i5RGseixtbW0z/t6RYtbdg=="],

    "@babel/runtime": ["@babel/runtime@7.29.2", "", {}, "sha512-JiDShH45zKHWyGe4ZNVRrCjBz8Nh9TMmZG1kh4QTK8hCBTWBi8Da+i7s1fJw7/lYpM4ccepSNfqzZ/QvABBi5g=="],

    "@types/json-schema": ["@types/json-schema@7.0.15", "", {}, "sha512-5+fP8P8MFNC+AyZCDxrB2pkZFPGzqQWUzpSeuuVLvm8VMcorNYavBqoFcxK8bQz4Qsbn4oUEEem4wDLfcysGHA=="],

    "@webref/css": ["@webref/css@8.5.2", "", { "peerDependencies": { "css-tree": "^3.2.1" } }, "sha512-uTjrG93xyi52VHPqAXU+dXOKEa+fnvoM5lWmZ+WHl2nCX0qLYeFHuyRJAHjqbQ1lpZxJLhxJp9aTX8EuFkHVgg=="],

    "@webref/elements": ["@webref/elements@2.7.0", "", {}, "sha512-8oZ1eB6BnKvUVVMud5vckSXRzxPQTw91TDFSMZVK+9CG+xzItvdCYzuhqhpGVZRpJx8T98jlQEywSFx0C4KVlg=="],

    "@webref/idl": ["@webref/idl@3.75.1", "", { "peerDependencies": { "webidl2": "^24.5.0" } }, "sha512-Wgd7hBxY6+Ji/JrYrvMevxWXEw0UDoZSDyZDNs2kneDW7LjTiih4cMK0UR+LmB1JfMs5dsqN137TfKVGv3RMRA=="],

    "argparse": ["argparse@2.0.1", "", {}, "sha512-8+9WqebbFzpX9OR+Wa6O29asIogeRMzcGtAINdpMHHyAg10f05aSFVBbcEqGf/PXw1EjAZ+q2/bEBg3DvurK3Q=="],

    "bind-event-listener": ["bind-event-listener@3.0.0", "", {}, "sha512-PJvH288AWQhKs2v9zyfYdPzlPqf5bXbGMmhmUIY9x4dAUGIWgomO771oBQNwJnMQSnUIXhKu6sgzpBRXTlvb8Q=="],

    "css-tree": ["css-tree@3.2.1", "", { "dependencies": { "mdn-data": "2.27.1", "source-map-js": "^1.2.1" } }, "sha512-X7sjQzceUhu1u7Y/ylrRZFU2FS6LRiFVp6rKLPg23y3x3c3DOKAwuXGDp+PAGjh6CSnCjYeAul8pcT8bAl+lSA=="],

    "js-yaml": ["js-yaml@4.1.1", "", { "dependencies": { "argparse": "^2.0.1" }, "bin": "bin/js-yaml.js" }, "sha512-qQKT4zQxXl8lLwBtHMWwaTcGfFOZviOJet3Oy/xmGk2gZH677CJM9EvtfdSkgWcATZhj/55JZ0rmy3myCT5lsA=="],

    "jsonata": ["jsonata@2.1.0", "", {}, "sha512-OCzaRMK8HobtX8fp37uIVmL8CY1IGc/a6gLsDqz3quExFR09/U78HUzWYr7T31UEB6+Eu0/8dkVD5fFDOl9a8w=="],

    "mdn-data": ["mdn-data@2.27.1", "", {}, "sha512-9Yubnt3e8A0OKwxYSXyhLymGW4sCufcLG6VdiDdUGVkPhpqLxlvP5vl1983gQjJl3tqbrM731mjaZaP68AgosQ=="],

    "raf-schd": ["raf-schd@4.0.3", "", {}, "sha512-tQkJl2GRWh83ui2DiPTJz9wEiMN20syf+5oKfB03yYP7ioZcJwsIK8FjrtLwH1m7C7e+Tt2yYBlrOpdT+dyeIQ=="],

    "signal-polyfill": ["signal-polyfill@0.2.2", "", {}, "sha512-p63Y4Er5/eMQ9RHg0M0Y64NlsQKpiu6MDdhBXpyywRuWiPywhJTpKJ1iB5K2hJEbFZ0BnDS7ZkJ+0AfTuL37Rg=="],

    "source-map-js": ["source-map-js@1.2.1", "", {}, "sha512-UXWMKhLOwVKb728IUtQPXxfYU+usdybtUrK/8uGE8CQMvrhOpwvzDBwj0QhSL7MQc7vIsISBG8VQ8+IDQxpfQA=="],

    "webidl2": ["webidl2@24.5.0", "", {}, "sha512-fxOigKkIem1iAgQ9t4cFOP+kWEA8y6Be/uh50FpJh0FijoeeT/VMrOyJzNLUgjy0rGMEcHeReKDCqj0g9dIe9A=="],
  }
}
